{
  "object": {
    "pins": [
      {
        "package": "Sentry",
        "repositoryURL": "https://github.com/getsentry/sentry-cocoa.git",
        "state": {
          "branch": null,
          "revision": "3c2eee7773df58bdfb9e10e72d9a4be44253e0d9",
          "version": "8.55.0"
        }
      },
      {
        "package": "swift-log",
        "repositoryURL": "https://github.com/apple/swift-log.git",
        "state": {
          "branch": null,
          "revision": "ce592ae52f982c847a4efc0dd881cc9eb32d29f2",
          "version": "1.6.4"
        }
      }
    ]
  },
  "version": 1
}
